{
  "version": 4,
  "terraform_version": "0.14.7",
  "serial": 51,
  "lineage": "2a6885d4-4620-2091-11f5-0256b2b115f3",
  "outputs": {},
  "resources": [
    {
      "mode": "managed",
      "type": "aws_ebs_volume",
      "name": "web-vol",
      "provider": "provider[\"registry.terraform.io/hashicorp/aws\"]",
      "instances": [
        {
          "schema_version": 0,
          "attributes": {
            "arn": "arn:aws:ec2:ap-south-1:773883478555:volume/vol-0b55896e1b94bc0c1",
            "availability_zone": "ap-south-1a",
            "encrypted": false,
            "id": "vol-0b55896e1b94bc0c1",
            "iops": 300,
            "kms_key_id": "",
            "multi_attach_enabled": false,
            "outpost_arn": "",
            "size": 100,
            "snapshot_id": "",
            "tags": {
              "Name": "ebs-vol"
            },
            "throughput": 0,
            "type": "gp2"
          },
          "sensitive_attributes": [],
          "private": "bnVsbA==",
          "dependencies": [
            "aws_instance.rasa",
            "aws_key_pair.generated_key",
            "aws_security_group.RASA-SG",
            "tls_private_key.tls_key"
          ]
        }
      ]
    },
    {
      "mode": "managed",
      "type": "aws_instance",
      "name": "rasa",
      "provider": "provider[\"registry.terraform.io/hashicorp/aws\"]",
      "instances": [
        {
          "schema_version": 1,
          "attributes": {
            "ami": "ami-0b84c6433cdbe5c3e",
            "arn": "arn:aws:ec2:ap-south-1:773883478555:instance/i-05c3bf10e40447ac9",
            "associate_public_ip_address": true,
            "availability_zone": "ap-south-1a",
            "cpu_core_count": 2,
            "cpu_threads_per_core": 1,
            "credit_specification": [
              {
                "cpu_credits": "standard"
              }
            ],
            "disable_api_termination": false,
            "ebs_block_device": [],
            "ebs_optimized": false,
            "enclave_options": [
              {
                "enabled": false
              }
            ],
            "ephemeral_block_device": [],
            "get_password_data": false,
            "hibernation": false,
            "host_id": null,
            "iam_instance_profile": "",
            "id": "i-05c3bf10e40447ac9",
            "instance_initiated_shutdown_behavior": null,
            "instance_state": "running",
            "instance_type": "t2.large",
            "ipv6_address_count": 0,
            "ipv6_addresses": [],
            "key_name": "rg-env-key",
            "metadata_options": [
              {
                "http_endpoint": "enabled",
                "http_put_response_hop_limit": 1,
                "http_tokens": "optional"
              }
            ],
            "monitoring": false,
            "network_interface": [],
            "outpost_arn": "",
            "password_data": "",
            "placement_group": "",
            "primary_network_interface_id": "eni-0c0d27b5c4b7f0e1d",
            "private_dns": "ip-172-31-45-132.ap-south-1.compute.internal",
            "private_ip": "172.31.45.132",
            "public_dns": "ec2-13-233-198-68.ap-south-1.compute.amazonaws.com",
            "public_ip": "13.233.198.68",
            "root_block_device": [
              {
                "delete_on_termination": true,
                "device_name": "/dev/sda1",
                "encrypted": false,
                "iops": 100,
                "kms_key_id": "",
                "tags": {},
                "throughput": 0,
                "volume_id": "vol-0c51ff1770c1e3b84",
                "volume_size": 8,
                "volume_type": "gp2"
              }
            ],
            "secondary_private_ips": [],
            "security_groups": [
              "Terraform-SG",
              "default"
            ],
            "source_dest_check": true,
            "subnet_id": "subnet-0f1b6e923eb3a813a",
            "tags": {
              "Name": "RASA-Env",
              "env": "Production"
            },
            "tenancy": "default",
            "timeouts": null,
            "user_data": null,
            "user_data_base64": null,
            "volume_tags": null,
            "vpc_security_group_ids": [
              "sg-019251b616dfd6350",
              "sg-03fed34d2e55f87de"
            ]
          },
          "sensitive_attributes": [],
          "private": "eyJlMmJmYjczMC1lY2FhLTExZTYtOGY4OC0zNDM2M2JjN2M0YzAiOnsiY3JlYXRlIjo2MDAwMDAwMDAwMDAsImRlbGV0ZSI6MTIwMDAwMDAwMDAwMCwidXBkYXRlIjo2MDAwMDAwMDAwMDB9LCJzY2hlbWFfdmVyc2lvbiI6IjEifQ==",
          "dependencies": [
            "aws_key_pair.generated_key",
            "aws_security_group.RASA-SG",
            "tls_private_key.tls_key"
          ]
        }
      ]
    },
    {
      "mode": "managed",
      "type": "aws_key_pair",
      "name": "generated_key",
      "provider": "provider[\"registry.terraform.io/hashicorp/aws\"]",
      "instances": [
        {
          "schema_version": 1,
          "attributes": {
            "arn": "arn:aws:ec2:ap-south-1:773883478555:key-pair/rg-env-key",
            "fingerprint": "a1:f8:06:c6:1e:af:7e:f3:50:22:76:3b:ae:9b:c0:49",
            "id": "rg-env-key",
            "key_name": "rg-env-key",
            "key_name_prefix": null,
            "key_pair_id": "key-09ff25dc23d95d265",
            "public_key": "ssh-rsa AAAAB3NzaC1yc2EAAAADAQABAAABAQCea0TfSwhgEg130xtnFWXklg4IkIOf6RxKL95K+L9ss9kgCJp9CdTXS804BIMPuI4Z5Eh0BDSTEec6e3Ne/L53iEeEcsS1vnSCWzXxkJqdkZMdtQrTW/THlucOWu5gQbppP47//PzpMHoEnfehMGO0XFD41TTO3pHFju5tL3u531oRza5tfB556+cit46xyn4PEICeGxZ2kE6Lma4D28bhX72GrL9N209fCvvcTtGPiP0vB/KgTi0KbjGJMBageiJTDe4C2lccNBm4TEPldndCDvBKUlHRPM3kuHKe6rq2PBiQU8ouR+lV4c2JHpMg8T7ayxiDZ1VLsVUESCqnBB0d",
            "tags": null
          },
          "sensitive_attributes": [],
          "private": "eyJzY2hlbWFfdmVyc2lvbiI6IjEifQ==",
          "dependencies": [
            "tls_private_key.tls_key"
          ]
        }
      ]
    },
    {
      "mode": "managed",
      "type": "aws_security_group",
      "name": "RASA-SG",
      "provider": "provider[\"registry.terraform.io/hashicorp/aws\"]",
      "instances": [
        {
          "schema_version": 1,
          "attributes": {
            "arn": "arn:aws:ec2:ap-south-1:773883478555:security-group/sg-019251b616dfd6350",
            "description": "RASA Environment Security Group",
            "egress": [],
            "id": "sg-019251b616dfd6350",
            "ingress": [
              {
                "cidr_blocks": [
                  "0.0.0.0/0"
                ],
                "description": "HTTP Rule",
                "from_port": 80,
                "ipv6_cidr_blocks": [],
                "prefix_list_ids": [],
                "protocol": "tcp",
                "security_groups": [],
                "self": false,
                "to_port": 80
              },
              {
                "cidr_blocks": [
                  "0.0.0.0/0"
                ],
                "description": "SSH Rule",
                "from_port": 22,
                "ipv6_cidr_blocks": [],
                "prefix_list_ids": [],
                "protocol": "tcp",
                "security_groups": [],
                "self": false,
                "to_port": 22
              }
            ],
            "name": "Terraform-SG",
            "name_prefix": "",
            "owner_id": "773883478555",
            "revoke_rules_on_delete": false,
            "tags": null,
            "timeouts": null,
            "vpc_id": "vpc-09c936897eded742a"
          },
          "sensitive_attributes": [],
          "private": "eyJlMmJmYjczMC1lY2FhLTExZTYtOGY4OC0zNDM2M2JjN2M0YzAiOnsiY3JlYXRlIjo2MDAwMDAwMDAwMDAsImRlbGV0ZSI6NjAwMDAwMDAwMDAwfSwic2NoZW1hX3ZlcnNpb24iOiIxIn0="
        }
      ]
    },
    {
      "mode": "managed",
      "type": "aws_volume_attachment",
      "name": "ebs_att",
      "provider": "provider[\"registry.terraform.io/hashicorp/aws\"]",
      "instances": [
        {
          "schema_version": 0,
          "attributes": {
            "device_name": "/dev/sdh",
            "force_detach": true,
            "id": "vai-2354914233",
            "instance_id": "i-05c3bf10e40447ac9",
            "skip_destroy": null,
            "volume_id": "vol-0b55896e1b94bc0c1"
          },
          "sensitive_attributes": [],
          "private": "bnVsbA==",
          "dependencies": [
            "aws_ebs_volume.web-vol",
            "aws_instance.rasa",
            "aws_key_pair.generated_key",
            "aws_security_group.RASA-SG",
            "tls_private_key.tls_key"
          ]
        }
      ]
    },
    {
      "mode": "managed",
      "type": "local_file",
      "name": "key-file",
      "provider": "provider[\"registry.terraform.io/hashicorp/local\"]",
      "instances": [
        {
          "schema_version": 0,
          "attributes": {
            "content": "-----BEGIN RSA PRIVATE KEY-----\nMIIEowIBAAKCAQEAnmtE30sIYBINd9MbZxVl5JYOCJCDn+kcSi/eSvi/bLPZIAia\nfQnU10vNOASDD7iOGeRIdAQ0kxHnOntzXvy+d4hHhHLEtb50gls18ZCanZGTHbUK\n01v0x5bnDlruYEG6aT+O//z86TB6BJ33oTBjtFxQ+NU0zt6RxY7ubS97ud9aEc2u\nbXweeevnIreOscp+DxCAnhsWdpBOi5muA9vG4V+9hqy/TdtPXwr73E7Rj4j9Lwfy\noE4tCm4xiTAWoHoiUw3uAtpXHDQZuExD5XZ3Qg7wSlJR0TzN5Lhynuq6tjwYkFPK\nLkfpVeHNiR6TIPE+2ssYg2dVS7FVBEgqpwQdHQIDAQABAoIBAB+JDv68OwCU12WA\n+rV8hvoH/OcrjWgpyV3jRYb7GXAUJSbBT6+QY3QwPLvn+gcJIBB7ZwjhRW35ZGQ5\n6u9/tJKq6EGvbwUW0q6YZZaeyIiRUA3b2jnU1ldc7MXoyAcVTnxhEKBYxifNZJzC\nrWbC8TYYIm5GUurTV4VSPJgzmZeYVF4svXvVfu1NfeTZuYTLXGgqbFhA93Putc5r\nSCifdE4DsjUqsVUTDcv8rbhJ201hvp6/GzdCsu8hh9TilrGontZd268mx971NXlW\n4jARsQVNpsIoZ/Pp/adFZMJhSMPHGCpy7Rfuyxz2PFhC/EIwFOU92N6lEqgHmulT\ngHp6jakCgYEA0oHON02+Kk/XRsWw/kub//n8N7kOMK2VMi3gopP9bENV4rPPJ3FL\ndwhzZNJHcHflTyORYAnWOy7fLSFJLvjRuxqYG2aisnMXjnj72nHuTz1yGtEjLS0q\nv7GJMakwJPxKL2eJseuTTmuz/QdsTVQokIfXYBQCLqrX3GVJusLYZuMCgYEAwKe4\nR748gaEu5chKr/tWYcGWVcsVTUw3KXO35Syb5ImNXOgKZu0715J4ya+7kIQiIS6h\n+qkIj78iuCSqb3rGLlWHFv7pSePrcGR5CmEgwvrd0tj/2Y640bKORGDyht7gwvFk\nawNTaYJY9Yt7UYLqr43OWzeCo15wyMgnkgkUq/8CgYB+vLoMH9lLHjCtIl7Sa3Er\npzVL0zWQ5yE5SdfB6jmckdnGmJ0y0QovSz42SEfMldLQV8ixupppnWmugSjPh+y1\nqmhDrwJrT9Gx7HMtbISe3o6xSJLWIyhmqxu/c25SBjcf3UVQglV41G1T/MEeuXmG\nstJfvQwnTqKRxcWjFKY3IwKBgCKWefk3aDmFrJvIZ9BMeWe3j7v7Z+mmw0iH4/4b\nEinnoB+L8UIlWVcMju72w9/gORhn/OC5tDXKhPs2afr1udrbtBMm1M9VQhG9mBWK\n9ozK6URPfS+b9gZ/3hbcqO4Z2ZRmLjcgM7t/kWUUE6HAtU2rUd8Ciku2St1hQelw\nA+wVAoGBAIvJHXRQNQ/LLvx3+ZeVorKp29TadMem5/lnkrmJcXX3GK7HACMIBUhA\nMxADDmIRULvR1Cb8IC3Sz9Lfk30awduzca7JJF0JIS9GPvSDai8TDISVOOju4KUx\naFXSa4t3arwahN5vDlavP/TP6obK39zXjJXwtldNmr4ucMgN5hi2\n-----END RSA PRIVATE KEY-----\n",
            "content_base64": null,
            "directory_permission": "0777",
            "file_permission": "0777",
            "filename": "rg-env-key.pem",
            "id": "7db8f8c8333bb094b60a5181284157300880af65",
            "sensitive_content": null,
            "source": null
          },
          "sensitive_attributes": [],
          "private": "bnVsbA==",
          "dependencies": [
            "tls_private_key.tls_key"
          ]
        }
      ]
    },
    {
      "mode": "managed",
      "type": "null_resource",
      "name": "remote1",
      "provider": "provider[\"registry.terraform.io/hashicorp/null\"]",
      "instances": [
        {
          "status": "tainted",
          "schema_version": 0,
          "attributes": {
            "id": "4259297963775892778",
            "triggers": null
          },
          "sensitive_attributes": [],
          "private": "bnVsbA==",
          "dependencies": [
            "aws_instance.rasa",
            "aws_key_pair.generated_key",
            "aws_security_group.RASA-SG",
            "tls_private_key.tls_key"
          ]
        }
      ]
    },
    {
      "mode": "managed",
      "type": "tls_private_key",
      "name": "tls_key",
      "provider": "provider[\"registry.terraform.io/hashicorp/tls\"]",
      "instances": [
        {
          "schema_version": 0,
          "attributes": {
            "algorithm": "RSA",
            "ecdsa_curve": "P224",
            "id": "4b7126d9e25e80a4fa6cadd67de549b812c06391",
            "private_key_pem": "-----BEGIN RSA PRIVATE KEY-----\nMIIEowIBAAKCAQEAnmtE30sIYBINd9MbZxVl5JYOCJCDn+kcSi/eSvi/bLPZIAia\nfQnU10vNOASDD7iOGeRIdAQ0kxHnOntzXvy+d4hHhHLEtb50gls18ZCanZGTHbUK\n01v0x5bnDlruYEG6aT+O//z86TB6BJ33oTBjtFxQ+NU0zt6RxY7ubS97ud9aEc2u\nbXweeevnIreOscp+DxCAnhsWdpBOi5muA9vG4V+9hqy/TdtPXwr73E7Rj4j9Lwfy\noE4tCm4xiTAWoHoiUw3uAtpXHDQZuExD5XZ3Qg7wSlJR0TzN5Lhynuq6tjwYkFPK\nLkfpVeHNiR6TIPE+2ssYg2dVS7FVBEgqpwQdHQIDAQABAoIBAB+JDv68OwCU12WA\n+rV8hvoH/OcrjWgpyV3jRYb7GXAUJSbBT6+QY3QwPLvn+gcJIBB7ZwjhRW35ZGQ5\n6u9/tJKq6EGvbwUW0q6YZZaeyIiRUA3b2jnU1ldc7MXoyAcVTnxhEKBYxifNZJzC\nrWbC8TYYIm5GUurTV4VSPJgzmZeYVF4svXvVfu1NfeTZuYTLXGgqbFhA93Putc5r\nSCifdE4DsjUqsVUTDcv8rbhJ201hvp6/GzdCsu8hh9TilrGontZd268mx971NXlW\n4jARsQVNpsIoZ/Pp/adFZMJhSMPHGCpy7Rfuyxz2PFhC/EIwFOU92N6lEqgHmulT\ngHp6jakCgYEA0oHON02+Kk/XRsWw/kub//n8N7kOMK2VMi3gopP9bENV4rPPJ3FL\ndwhzZNJHcHflTyORYAnWOy7fLSFJLvjRuxqYG2aisnMXjnj72nHuTz1yGtEjLS0q\nv7GJMakwJPxKL2eJseuTTmuz/QdsTVQokIfXYBQCLqrX3GVJusLYZuMCgYEAwKe4\nR748gaEu5chKr/tWYcGWVcsVTUw3KXO35Syb5ImNXOgKZu0715J4ya+7kIQiIS6h\n+qkIj78iuCSqb3rGLlWHFv7pSePrcGR5CmEgwvrd0tj/2Y640bKORGDyht7gwvFk\nawNTaYJY9Yt7UYLqr43OWzeCo15wyMgnkgkUq/8CgYB+vLoMH9lLHjCtIl7Sa3Er\npzVL0zWQ5yE5SdfB6jmckdnGmJ0y0QovSz42SEfMldLQV8ixupppnWmugSjPh+y1\nqmhDrwJrT9Gx7HMtbISe3o6xSJLWIyhmqxu/c25SBjcf3UVQglV41G1T/MEeuXmG\nstJfvQwnTqKRxcWjFKY3IwKBgCKWefk3aDmFrJvIZ9BMeWe3j7v7Z+mmw0iH4/4b\nEinnoB+L8UIlWVcMju72w9/gORhn/OC5tDXKhPs2afr1udrbtBMm1M9VQhG9mBWK\n9ozK6URPfS+b9gZ/3hbcqO4Z2ZRmLjcgM7t/kWUUE6HAtU2rUd8Ciku2St1hQelw\nA+wVAoGBAIvJHXRQNQ/LLvx3+ZeVorKp29TadMem5/lnkrmJcXX3GK7HACMIBUhA\nMxADDmIRULvR1Cb8IC3Sz9Lfk30awduzca7JJF0JIS9GPvSDai8TDISVOOju4KUx\naFXSa4t3arwahN5vDlavP/TP6obK39zXjJXwtldNmr4ucMgN5hi2\n-----END RSA PRIVATE KEY-----\n",
            "public_key_fingerprint_md5": "b4:df:7e:c3:7f:13:12:29:30:e5:e4:4c:dd:b8:60:c6",
            "public_key_openssh": "ssh-rsa AAAAB3NzaC1yc2EAAAADAQABAAABAQCea0TfSwhgEg130xtnFWXklg4IkIOf6RxKL95K+L9ss9kgCJp9CdTXS804BIMPuI4Z5Eh0BDSTEec6e3Ne/L53iEeEcsS1vnSCWzXxkJqdkZMdtQrTW/THlucOWu5gQbppP47//PzpMHoEnfehMGO0XFD41TTO3pHFju5tL3u531oRza5tfB556+cit46xyn4PEICeGxZ2kE6Lma4D28bhX72GrL9N209fCvvcTtGPiP0vB/KgTi0KbjGJMBageiJTDe4C2lccNBm4TEPldndCDvBKUlHRPM3kuHKe6rq2PBiQU8ouR+lV4c2JHpMg8T7ayxiDZ1VLsVUESCqnBB0d\n",
            "public_key_pem": "-----BEGIN PUBLIC KEY-----\nMIIBIjANBgkqhkiG9w0BAQEFAAOCAQ8AMIIBCgKCAQEAnmtE30sIYBINd9MbZxVl\n5JYOCJCDn+kcSi/eSvi/bLPZIAiafQnU10vNOASDD7iOGeRIdAQ0kxHnOntzXvy+\nd4hHhHLEtb50gls18ZCanZGTHbUK01v0x5bnDlruYEG6aT+O//z86TB6BJ33oTBj\ntFxQ+NU0zt6RxY7ubS97ud9aEc2ubXweeevnIreOscp+DxCAnhsWdpBOi5muA9vG\n4V+9hqy/TdtPXwr73E7Rj4j9LwfyoE4tCm4xiTAWoHoiUw3uAtpXHDQZuExD5XZ3\nQg7wSlJR0TzN5Lhynuq6tjwYkFPKLkfpVeHNiR6TIPE+2ssYg2dVS7FVBEgqpwQd\nHQIDAQAB\n-----END PUBLIC KEY-----\n",
            "rsa_bits": 2048
          },
          "sensitive_attributes": [],
          "private": "bnVsbA=="
        }
      ]
    }
  ]
}
